// !$*UTF8*$!
{
	archiveVersion = 1;
	classes = {
	};
	objectVersion = 51;
	objects = {

/* Begin PBXBuildFile section */
		475DAB8AFD1A27FE40279B0E /* Pods_ImageSearch_rx.framework in Frameworks */ = {isa = PBXBuildFile; fileRef = BE3FE8BAE714BAB4FD01F1BF /* Pods_ImageSearch_rx.framework */; };
		6D8AD4A201D69A43EEE77666 /* Pods_ImageSearch_rxTests.framework in Frameworks */ = {isa = PBXBuildFile; fileRef = 93E08E6A2A9A5DBC2296DCB2 /* Pods_ImageSearch_rxTests.framework */; };
		A38311BC19ABED6539AC1B95 /* Pods_ImageSearch_rx_ImageSearch_rxUITests.framework in Frameworks */ = {isa = PBXBuildFile; fileRef = 180AF3EEA224ABBD5608ADEA /* Pods_ImageSearch_rx_ImageSearch_rxUITests.framework */; };
		E015C15A256236B500743DB1 /* ResultViewController.swift in Sources */ = {isa = PBXBuildFile; fileRef = E015C14B256236B400743DB1 /* ResultViewController.swift */; };
		E015C15B256236B500743DB1 /* ImageTableViewCell.swift in Sources */ = {isa = PBXBuildFile; fileRef = E015C14D256236B400743DB1 /* ImageTableViewCell.swift */; };
		E015C15C256236B500743DB1 /* DescriptionTableViewCell.swift in Sources */ = {isa = PBXBuildFile; fileRef = E015C14E256236B400743DB1 /* DescriptionTableViewCell.swift */; };
		E015C15D256236B500743DB1 /* KeyboardObserveViewController.swift in Sources */ = {isa = PBXBuildFile; fileRef = E015C14F256236B400743DB1 /* KeyboardObserveViewController.swift */; };
		E015C15E256236B500743DB1 /* SearchViewController.swift in Sources */ = {isa = PBXBuildFile; fileRef = E015C151256236B400743DB1 /* SearchViewController.swift */; };
		E015C15F256236B500743DB1 /* KeywordTableViewCell.swift in Sources */ = {isa = PBXBuildFile; fileRef = E015C153256236B400743DB1 /* KeywordTableViewCell.swift */; };
		E015C161256236B500743DB1 /* NetworkManager.swift in Sources */ = {isa = PBXBuildFile; fileRef = E015C157256236B400743DB1 /* NetworkManager.swift */; };
		E015C162256236B500743DB1 /* TouchExtensionButton.swift in Sources */ = {isa = PBXBuildFile; fileRef = E015C159256236B500743DB1 /* TouchExtensionButton.swift */; };
		E015C183256262BD00743DB1 /* SearchViewModel.swift in Sources */ = {isa = PBXBuildFile; fileRef = E015C182256262BD00743DB1 /* SearchViewModel.swift */; };
		E015C18C2562747400743DB1 /* ResultViewModel.swift in Sources */ = {isa = PBXBuildFile; fileRef = E015C18B2562747400743DB1 /* ResultViewModel.swift */; };
		E015C1922562762900743DB1 /* RecentKeywordInfo.swift in Sources */ = {isa = PBXBuildFile; fileRef = E015C1912562762900743DB1 /* RecentKeywordInfo.swift */; };
		E015C19B2562765D00743DB1 /* ResultModel.swift in Sources */ = {isa = PBXBuildFile; fileRef = E015C19A2562765D00743DB1 /* ResultModel.swift */; };
		E0403AEF25622E3C00331393 /* AppDelegate.swift in Sources */ = {isa = PBXBuildFile; fileRef = E0403AEE25622E3C00331393 /* AppDelegate.swift */; };
		E0403AF625622E3C00331393 /* Main.storyboard in Resources */ = {isa = PBXBuildFile; fileRef = E0403AF425622E3C00331393 /* Main.storyboard */; };
		E0403AF825622E3F00331393 /* Assets.xcassets in Resources */ = {isa = PBXBuildFile; fileRef = E0403AF725622E3F00331393 /* Assets.xcassets */; };
		E0403AFB25622E3F00331393 /* LaunchScreen.storyboard in Resources */ = {isa = PBXBuildFile; fileRef = E0403AF925622E3F00331393 /* LaunchScreen.storyboard */; };
		E0403B0625622E3F00331393 /* ImageSearch_rxTests.swift in Sources */ = {isa = PBXBuildFile; fileRef = E0403B0525622E3F00331393 /* ImageSearch_rxTests.swift */; };
		E0403B1125622E3F00331393 /* ImageSearch_rxUITests.swift in Sources */ = {isa = PBXBuildFile; fileRef = E0403B1025622E3F00331393 /* ImageSearch_rxUITests.swift */; };
		E0403B3925622F8B00331393 /* .gitignore in Resources */ = {isa = PBXBuildFile; fileRef = E0403B3825622F8B00331393 /* .gitignore */; };
/* End PBXBuildFile section */

/* Begin PBXContainerItemProxy section */
		E0403B0225622E3F00331393 /* PBXContainerItemProxy */ = {
			isa = PBXContainerItemProxy;
			containerPortal = E0403AE325622E3C00331393 /* Project object */;
			proxyType = 1;
			remoteGlobalIDString = E0403AEA25622E3C00331393;
			remoteInfo = ImageSearch_rx;
		};
		E0403B0D25622E3F00331393 /* PBXContainerItemProxy */ = {
			isa = PBXContainerItemProxy;
			containerPortal = E0403AE325622E3C00331393 /* Project object */;
			proxyType = 1;
			remoteGlobalIDString = E0403AEA25622E3C00331393;
			remoteInfo = ImageSearch_rx;
		};
/* End PBXContainerItemProxy section */

/* Begin PBXFileReference section */
		180AF3EEA224ABBD5608ADEA /* Pods_ImageSearch_rx_ImageSearch_rxUITests.framework */ = {isa = PBXFileReference; explicitFileType = wrapper.framework; includeInIndex = 0; path = Pods_ImageSearch_rx_ImageSearch_rxUITests.framework; sourceTree = BUILT_PRODUCTS_DIR; };
		419A7E4E623612826D2305B7 /* Pods-ImageSearch_rxTests.debug.xcconfig */ = {isa = PBXFileReference; includeInIndex = 1; lastKnownFileType = text.xcconfig; name = "Pods-ImageSearch_rxTests.debug.xcconfig"; path = "Target Support Files/Pods-ImageSearch_rxTests/Pods-ImageSearch_rxTests.debug.xcconfig"; sourceTree = "<group>"; };
		71840CFBEE1A952B52891971 /* Pods-ImageSearch_rx-ImageSearch_rxUITests.release.xcconfig */ = {isa = PBXFileReference; includeInIndex = 1; lastKnownFileType = text.xcconfig; name = "Pods-ImageSearch_rx-ImageSearch_rxUITests.release.xcconfig"; path = "Target Support Files/Pods-ImageSearch_rx-ImageSearch_rxUITests/Pods-ImageSearch_rx-ImageSearch_rxUITests.release.xcconfig"; sourceTree = "<group>"; };
		93E08E6A2A9A5DBC2296DCB2 /* Pods_ImageSearch_rxTests.framework */ = {isa = PBXFileReference; explicitFileType = wrapper.framework; includeInIndex = 0; path = Pods_ImageSearch_rxTests.framework; sourceTree = BUILT_PRODUCTS_DIR; };
		AD1B364511A652980BFA9492 /* Pods-ImageSearch_rx.release.xcconfig */ = {isa = PBXFileReference; includeInIndex = 1; lastKnownFileType = text.xcconfig; name = "Pods-ImageSearch_rx.release.xcconfig"; path = "Target Support Files/Pods-ImageSearch_rx/Pods-ImageSearch_rx.release.xcconfig"; sourceTree = "<group>"; };
		BE3FE8BAE714BAB4FD01F1BF /* Pods_ImageSearch_rx.framework */ = {isa = PBXFileReference; explicitFileType = wrapper.framework; includeInIndex = 0; path = Pods_ImageSearch_rx.framework; sourceTree = BUILT_PRODUCTS_DIR; };
		CB78D11B97E318AE1A18EA20 /* Pods-ImageSearch_rx.debug.xcconfig */ = {isa = PBXFileReference; includeInIndex = 1; lastKnownFileType = text.xcconfig; name = "Pods-ImageSearch_rx.debug.xcconfig"; path = "Target Support Files/Pods-ImageSearch_rx/Pods-ImageSearch_rx.debug.xcconfig"; sourceTree = "<group>"; };
		D18226DE887A618514FB082F /* Pods-ImageSearch_rx-ImageSearch_rxUITests.debug.xcconfig */ = {isa = PBXFileReference; includeInIndex = 1; lastKnownFileType = text.xcconfig; name = "Pods-ImageSearch_rx-ImageSearch_rxUITests.debug.xcconfig"; path = "Target Support Files/Pods-ImageSearch_rx-ImageSearch_rxUITests/Pods-ImageSearch_rx-ImageSearch_rxUITests.debug.xcconfig"; sourceTree = "<group>"; };
		E015C14B256236B400743DB1 /* ResultViewController.swift */ = {isa = PBXFileReference; fileEncoding = 4; lastKnownFileType = sourcecode.swift; path = ResultViewController.swift; sourceTree = "<group>"; };
		E015C14D256236B400743DB1 /* ImageTableViewCell.swift */ = {isa = PBXFileReference; fileEncoding = 4; lastKnownFileType = sourcecode.swift; path = ImageTableViewCell.swift; sourceTree = "<group>"; };
		E015C14E256236B400743DB1 /* DescriptionTableViewCell.swift */ = {isa = PBXFileReference; fileEncoding = 4; lastKnownFileType = sourcecode.swift; path = DescriptionTableViewCell.swift; sourceTree = "<group>"; };
		E015C14F256236B400743DB1 /* KeyboardObserveViewController.swift */ = {isa = PBXFileReference; fileEncoding = 4; lastKnownFileType = sourcecode.swift; path = KeyboardObserveViewController.swift; sourceTree = "<group>"; };
		E015C151256236B400743DB1 /* SearchViewController.swift */ = {isa = PBXFileReference; fileEncoding = 4; lastKnownFileType = sourcecode.swift; path = SearchViewController.swift; sourceTree = "<group>"; };
		E015C153256236B400743DB1 /* KeywordTableViewCell.swift */ = {isa = PBXFileReference; fileEncoding = 4; lastKnownFileType = sourcecode.swift; path = KeywordTableViewCell.swift; sourceTree = "<group>"; };
		E015C157256236B400743DB1 /* NetworkManager.swift */ = {isa = PBXFileReference; fileEncoding = 4; lastKnownFileType = sourcecode.swift; path = NetworkManager.swift; sourceTree = "<group>"; };
		E015C159256236B500743DB1 /* TouchExtensionButton.swift */ = {isa = PBXFileReference; fileEncoding = 4; lastKnownFileType = sourcecode.swift; path = TouchExtensionButton.swift; sourceTree = "<group>"; };
		E015C182256262BD00743DB1 /* SearchViewModel.swift */ = {isa = PBXFileReference; lastKnownFileType = sourcecode.swift; path = SearchViewModel.swift; sourceTree = "<group>"; };
		E015C18B2562747400743DB1 /* ResultViewModel.swift */ = {isa = PBXFileReference; lastKnownFileType = sourcecode.swift; path = ResultViewModel.swift; sourceTree = "<group>"; };
		E015C1912562762900743DB1 /* RecentKeywordInfo.swift */ = {isa = PBXFileReference; lastKnownFileType = sourcecode.swift; path = RecentKeywordInfo.swift; sourceTree = "<group>"; };
		E015C19A2562765D00743DB1 /* ResultModel.swift */ = {isa = PBXFileReference; lastKnownFileType = sourcecode.swift; path = ResultModel.swift; sourceTree = "<group>"; };
		E0403AEB25622E3C00331393 /* ImageSearch_rx.app */ = {isa = PBXFileReference; explicitFileType = wrapper.application; includeInIndex = 0; path = ImageSearch_rx.app; sourceTree = BUILT_PRODUCTS_DIR; };
		E0403AEE25622E3C00331393 /* AppDelegate.swift */ = {isa = PBXFileReference; lastKnownFileType = sourcecode.swift; path = AppDelegate.swift; sourceTree = "<group>"; };
		E0403AF525622E3C00331393 /* Base */ = {isa = PBXFileReference; lastKnownFileType = file.storyboard; name = Base; path = Base.lproj/Main.storyboard; sourceTree = "<group>"; };
		E0403AF725622E3F00331393 /* Assets.xcassets */ = {isa = PBXFileReference; lastKnownFileType = folder.assetcatalog; path = Assets.xcassets; sourceTree = "<group>"; };
		E0403AFA25622E3F00331393 /* Base */ = {isa = PBXFileReference; lastKnownFileType = file.storyboard; name = Base; path = Base.lproj/LaunchScreen.storyboard; sourceTree = "<group>"; };
		E0403AFC25622E3F00331393 /* Info.plist */ = {isa = PBXFileReference; lastKnownFileType = text.plist.xml; path = Info.plist; sourceTree = "<group>"; };
		E0403B0125622E3F00331393 /* ImageSearch_rxTests.xctest */ = {isa = PBXFileReference; explicitFileType = wrapper.cfbundle; includeInIndex = 0; path = ImageSearch_rxTests.xctest; sourceTree = BUILT_PRODUCTS_DIR; };
		E0403B0525622E3F00331393 /* ImageSearch_rxTests.swift */ = {isa = PBXFileReference; lastKnownFileType = sourcecode.swift; path = ImageSearch_rxTests.swift; sourceTree = "<group>"; };
		E0403B0725622E3F00331393 /* Info.plist */ = {isa = PBXFileReference; lastKnownFileType = text.plist.xml; path = Info.plist; sourceTree = "<group>"; };
		E0403B0C25622E3F00331393 /* ImageSearch_rxUITests.xctest */ = {isa = PBXFileReference; explicitFileType = wrapper.cfbundle; includeInIndex = 0; path = ImageSearch_rxUITests.xctest; sourceTree = BUILT_PRODUCTS_DIR; };
		E0403B1025622E3F00331393 /* ImageSearch_rxUITests.swift */ = {isa = PBXFileReference; lastKnownFileType = sourcecode.swift; path = ImageSearch_rxUITests.swift; sourceTree = "<group>"; };
		E0403B1225622E3F00331393 /* Info.plist */ = {isa = PBXFileReference; lastKnownFileType = text.plist.xml; path = Info.plist; sourceTree = "<group>"; };
		E0403B3825622F8B00331393 /* .gitignore */ = {isa = PBXFileReference; lastKnownFileType = text; path = .gitignore; sourceTree = "<group>"; };
		F7E8239BBA9F90B1558F78BA /* Pods-ImageSearch_rxTests.release.xcconfig */ = {isa = PBXFileReference; includeInIndex = 1; lastKnownFileType = text.xcconfig; name = "Pods-ImageSearch_rxTests.release.xcconfig"; path = "Target Support Files/Pods-ImageSearch_rxTests/Pods-ImageSearch_rxTests.release.xcconfig"; sourceTree = "<group>"; };
/* End PBXFileReference section */

/* Begin PBXFrameworksBuildPhase section */
		E0403AE825622E3C00331393 /* Frameworks */ = {
			isa = PBXFrameworksBuildPhase;
			buildActionMask = 2147483647;
			files = (
				475DAB8AFD1A27FE40279B0E /* Pods_ImageSearch_rx.framework in Frameworks */,
			);
			runOnlyForDeploymentPostprocessing = 0;
		};
		E0403AFE25622E3F00331393 /* Frameworks */ = {
			isa = PBXFrameworksBuildPhase;
			buildActionMask = 2147483647;
			files = (
				6D8AD4A201D69A43EEE77666 /* Pods_ImageSearch_rxTests.framework in Frameworks */,
			);
			runOnlyForDeploymentPostprocessing = 0;
		};
		E0403B0925622E3F00331393 /* Frameworks */ = {
			isa = PBXFrameworksBuildPhase;
			buildActionMask = 2147483647;
			files = (
				A38311BC19ABED6539AC1B95 /* Pods_ImageSearch_rx_ImageSearch_rxUITests.framework in Frameworks */,
			);
			runOnlyForDeploymentPostprocessing = 0;
		};
/* End PBXFrameworksBuildPhase section */

/* Begin PBXGroup section */
		26D790910D9DC8AB93584716 /* Frameworks */ = {
			isa = PBXGroup;
			children = (
				BE3FE8BAE714BAB4FD01F1BF /* Pods_ImageSearch_rx.framework */,
				180AF3EEA224ABBD5608ADEA /* Pods_ImageSearch_rx_ImageSearch_rxUITests.framework */,
				93E08E6A2A9A5DBC2296DCB2 /* Pods_ImageSearch_rxTests.framework */,
			);
			name = Frameworks;
			sourceTree = "<group>";
		};
		3619E0D9228E8ABEBCD9ADD2 /* Pods */ = {
			isa = PBXGroup;
			children = (
				CB78D11B97E318AE1A18EA20 /* Pods-ImageSearch_rx.debug.xcconfig */,
				AD1B364511A652980BFA9492 /* Pods-ImageSearch_rx.release.xcconfig */,
				D18226DE887A618514FB082F /* Pods-ImageSearch_rx-ImageSearch_rxUITests.debug.xcconfig */,
				71840CFBEE1A952B52891971 /* Pods-ImageSearch_rx-ImageSearch_rxUITests.release.xcconfig */,
				419A7E4E623612826D2305B7 /* Pods-ImageSearch_rxTests.debug.xcconfig */,
				F7E8239BBA9F90B1558F78BA /* Pods-ImageSearch_rxTests.release.xcconfig */,
			);
			path = Pods;
			sourceTree = "<group>";
		};
		E015C149256236B400743DB1 /* Controller */ = {
			isa = PBXGroup;
			children = (
				E015C14F256236B400743DB1 /* KeyboardObserveViewController.swift */,
				E015C14A256236B400743DB1 /* Result */,
				E015C150256236B400743DB1 /* Search */,
			);
			path = Controller;
			sourceTree = "<group>";
		};
		E015C14A256236B400743DB1 /* Result */ = {
			isa = PBXGroup;
			children = (
				E015C1A52562767300743DB1 /* View */,
				E015C1992562764600743DB1 /* Model */,
				E015C18A2562746600743DB1 /* ViewModel */,
			);
			path = Result;
			sourceTree = "<group>";
		};
		E015C14C256236B400743DB1 /* Cell */ = {
			isa = PBXGroup;
			children = (
				E015C14D256236B400743DB1 /* ImageTableViewCell.swift */,
				E015C14E256236B400743DB1 /* DescriptionTableViewCell.swift */,
			);
			path = Cell;
			sourceTree = "<group>";
		};
		E015C150256236B400743DB1 /* Search */ = {
			isa = PBXGroup;
			children = (
				E015C190256275E400743DB1 /* View */,
				E015C1812562629C00743DB1 /* Model */,
				E015C1802562629500743DB1 /* ViewModel */,
			);
			path = Search;
			sourceTree = "<group>";
		};
		E015C152256236B400743DB1 /* Cell */ = {
			isa = PBXGroup;
			children = (
				E015C153256236B400743DB1 /* KeywordTableViewCell.swift */,
			);
			path = Cell;
			sourceTree = "<group>";
		};
		E015C156256236B400743DB1 /* Manager */ = {
			isa = PBXGroup;
			children = (
				E015C157256236B400743DB1 /* NetworkManager.swift */,
			);
			path = Manager;
			sourceTree = "<group>";
		};
		E015C158256236B500743DB1 /* CustomView */ = {
			isa = PBXGroup;
			children = (
				E015C159256236B500743DB1 /* TouchExtensionButton.swift */,
			);
			path = CustomView;
			sourceTree = "<group>";
		};
		E015C1802562629500743DB1 /* ViewModel */ = {
			isa = PBXGroup;
			children = (
				E015C182256262BD00743DB1 /* SearchViewModel.swift */,
			);
			path = ViewModel;
			sourceTree = "<group>";
		};
		E015C1812562629C00743DB1 /* Model */ = {
			isa = PBXGroup;
			children = (
				E015C1912562762900743DB1 /* RecentKeywordInfo.swift */,
			);
			path = Model;
			sourceTree = "<group>";
		};
		E015C18A2562746600743DB1 /* ViewModel */ = {
			isa = PBXGroup;
			children = (
				E015C18B2562747400743DB1 /* ResultViewModel.swift */,
			);
			path = ViewModel;
			sourceTree = "<group>";
		};
		E015C190256275E400743DB1 /* View */ = {
			isa = PBXGroup;
			children = (
				E015C152256236B400743DB1 /* Cell */,
				E015C151256236B400743DB1 /* SearchViewController.swift */,
			);
			path = View;
			sourceTree = "<group>";
		};
		E015C1992562764600743DB1 /* Model */ = {
			isa = PBXGroup;
			children = (
				E015C19A2562765D00743DB1 /* ResultModel.swift */,
			);
			path = Model;
			sourceTree = "<group>";
		};
		E015C1A52562767300743DB1 /* View */ = {
			isa = PBXGroup;
			children = (
				E015C14C256236B400743DB1 /* Cell */,
				E015C14B256236B400743DB1 /* ResultViewController.swift */,
			);
			path = View;
			sourceTree = "<group>";
		};
		E0403AE225622E3C00331393 = {
			isa = PBXGroup;
			children = (
				E0403B3825622F8B00331393 /* .gitignore */,
				E0403AED25622E3C00331393 /* ImageSearch_rx */,
				E0403B0425622E3F00331393 /* ImageSearch_rxTests */,
				E0403B0F25622E3F00331393 /* ImageSearch_rxUITests */,
				E0403AEC25622E3C00331393 /* Products */,
				3619E0D9228E8ABEBCD9ADD2 /* Pods */,
				26D790910D9DC8AB93584716 /* Frameworks */,
			);
			sourceTree = "<group>";
		};
		E0403AEC25622E3C00331393 /* Products */ = {
			isa = PBXGroup;
			children = (
				E0403AEB25622E3C00331393 /* ImageSearch_rx.app */,
				E0403B0125622E3F00331393 /* ImageSearch_rxTests.xctest */,
				E0403B0C25622E3F00331393 /* ImageSearch_rxUITests.xctest */,
			);
			name = Products;
			sourceTree = "<group>";
		};
		E0403AED25622E3C00331393 /* ImageSearch_rx */ = {
			isa = PBXGroup;
			children = (
				E015C149256236B400743DB1 /* Controller */,
				E015C158256236B500743DB1 /* CustomView */,
				E015C156256236B400743DB1 /* Manager */,
				E0403AEE25622E3C00331393 /* AppDelegate.swift */,
				E0403AF425622E3C00331393 /* Main.storyboard */,
				E0403AF725622E3F00331393 /* Assets.xcassets */,
				E0403AF925622E3F00331393 /* LaunchScreen.storyboard */,
				E0403AFC25622E3F00331393 /* Info.plist */,
			);
			path = ImageSearch_rx;
			sourceTree = "<group>";
		};
		E0403B0425622E3F00331393 /* ImageSearch_rxTests */ = {
			isa = PBXGroup;
			children = (
				E0403B0525622E3F00331393 /* ImageSearch_rxTests.swift */,
				E0403B0725622E3F00331393 /* Info.plist */,
			);
			path = ImageSearch_rxTests;
			sourceTree = "<group>";
		};
		E0403B0F25622E3F00331393 /* ImageSearch_rxUITests */ = {
			isa = PBXGroup;
			children = (
				E0403B1025622E3F00331393 /* ImageSearch_rxUITests.swift */,
				E0403B1225622E3F00331393 /* Info.plist */,
			);
			path = ImageSearch_rxUITests;
			sourceTree = "<group>";
		};
/* End PBXGroup section */

/* Begin PBXNativeTarget section */
		E0403AEA25622E3C00331393 /* ImageSearch_rx */ = {
			isa = PBXNativeTarget;
			buildConfigurationList = E0403B1525622E3F00331393 /* Build configuration list for PBXNativeTarget "ImageSearch_rx" */;
			buildPhases = (
				4A90E9EF5879781FBCDB2C84 /* [CP] Check Pods Manifest.lock */,
				E0403AE725622E3C00331393 /* Sources */,
				E0403AE825622E3C00331393 /* Frameworks */,
				E0403AE925622E3C00331393 /* Resources */,
				EEE7EBD3E57CD29FB822EC41 /* [CP] Embed Pods Frameworks */,
			);
			buildRules = (
			);
			dependencies = (
			);
			name = ImageSearch_rx;
			productName = ImageSearch_rx;
			productReference = E0403AEB25622E3C00331393 /* ImageSearch_rx.app */;
			productType = "com.apple.product-type.application";
		};
		E0403B0025622E3F00331393 /* ImageSearch_rxTests */ = {
			isa = PBXNativeTarget;
			buildConfigurationList = E0403B1825622E3F00331393 /* Build configuration list for PBXNativeTarget "ImageSearch_rxTests" */;
			buildPhases = (
				78F49ED5688A4603BB10BD02 /* [CP] Check Pods Manifest.lock */,
				E0403AFD25622E3F00331393 /* Sources */,
				E0403AFE25622E3F00331393 /* Frameworks */,
				E0403AFF25622E3F00331393 /* Resources */,
			);
			buildRules = (
			);
			dependencies = (
				E0403B0325622E3F00331393 /* PBXTargetDependency */,
			);
			name = ImageSearch_rxTests;
			productName = ImageSearch_rxTests;
			productReference = E0403B0125622E3F00331393 /* ImageSearch_rxTests.xctest */;
			productType = "com.apple.product-type.bundle.unit-test";
		};
		E0403B0B25622E3F00331393 /* ImageSearch_rxUITests */ = {
			isa = PBXNativeTarget;
			buildConfigurationList = E0403B1B25622E3F00331393 /* Build configuration list for PBXNativeTarget "ImageSearch_rxUITests" */;
			buildPhases = (
				CD57339C9A797144EE7E8A1D /* [CP] Check Pods Manifest.lock */,
				E0403B0825622E3F00331393 /* Sources */,
				E0403B0925622E3F00331393 /* Frameworks */,
				E0403B0A25622E3F00331393 /* Resources */,
				16A008DE6B2588613821A82B /* [CP] Embed Pods Frameworks */,
			);
			buildRules = (
			);
			dependencies = (
				E0403B0E25622E3F00331393 /* PBXTargetDependency */,
			);
			name = ImageSearch_rxUITests;
			productName = ImageSearch_rxUITests;
			productReference = E0403B0C25622E3F00331393 /* ImageSearch_rxUITests.xctest */;
			productType = "com.apple.product-type.bundle.ui-testing";
		};
/* End PBXNativeTarget section */

/* Begin PBXProject section */
		E0403AE325622E3C00331393 /* Project object */ = {
			isa = PBXProject;
			attributes = {
				LastSwiftUpdateCheck = 1220;
				LastUpgradeCheck = 1220;
				TargetAttributes = {
					E0403AEA25622E3C00331393 = {
						CreatedOnToolsVersion = 12.2;
					};
					E0403B0025622E3F00331393 = {
						CreatedOnToolsVersion = 12.2;
						TestTargetID = E0403AEA25622E3C00331393;
					};
					E0403B0B25622E3F00331393 = {
						CreatedOnToolsVersion = 12.2;
						TestTargetID = E0403AEA25622E3C00331393;
					};
				};
			};
			buildConfigurationList = E0403AE625622E3C00331393 /* Build configuration list for PBXProject "ImageSearch_rx" */;
			compatibilityVersion = "Xcode 9.3";
			developmentRegion = en;
			hasScannedForEncodings = 0;
			knownRegions = (
				en,
				Base,
			);
			mainGroup = E0403AE225622E3C00331393;
			productRefGroup = E0403AEC25622E3C00331393 /* Products */;
			projectDirPath = "";
			projectRoot = "";
			targets = (
				E0403AEA25622E3C00331393 /* ImageSearch_rx */,
				E0403B0025622E3F00331393 /* ImageSearch_rxTests */,
				E0403B0B25622E3F00331393 /* ImageSearch_rxUITests */,
			);
		};
/* End PBXProject section */

/* Begin PBXResourcesBuildPhase section */
		E0403AE925622E3C00331393 /* Resources */ = {
			isa = PBXResourcesBuildPhase;
			buildActionMask = 2147483647;
			files = (
				E0403B3925622F8B00331393 /* .gitignore in Resources */,
				E0403AFB25622E3F00331393 /* LaunchScreen.storyboard in Resources */,
				E0403AF825622E3F00331393 /* Assets.xcassets in Resources */,
				E0403AF625622E3C00331393 /* Main.storyboard in Resources */,
			);
			runOnlyForDeploymentPostprocessing = 0;
		};
		E0403AFF25622E3F00331393 /* Resources */ = {
			isa = PBXResourcesBuildPhase;
			buildActionMask = 2147483647;
			files = (
			);
			runOnlyForDeploymentPostprocessing = 0;
		};
		E0403B0A25622E3F00331393 /* Resources */ = {
			isa = PBXResourcesBuildPhase;
			buildActionMask = 2147483647;
			files = (
			);
			runOnlyForDeploymentPostprocessing = 0;
		};
/* End PBXResourcesBuildPhase section */

/* Begin PBXShellScriptBuildPhase section */
		16A008DE6B2588613821A82B /* [CP] Embed Pods Frameworks */ = {
			isa = PBXShellScriptBuildPhase;
			buildActionMask = 2147483647;
			files = (
			);
			inputFileListPaths = (
				"${PODS_ROOT}/Target Support Files/Pods-ImageSearch_rx-ImageSearch_rxUITests/Pods-ImageSearch_rx-ImageSearch_rxUITests-frameworks-${CONFIGURATION}-input-files.xcfilelist",
			);
			name = "[CP] Embed Pods Frameworks";
			outputFileListPaths = (
				"${PODS_ROOT}/Target Support Files/Pods-ImageSearch_rx-ImageSearch_rxUITests/Pods-ImageSearch_rx-ImageSearch_rxUITests-frameworks-${CONFIGURATION}-output-files.xcfilelist",
			);
			runOnlyForDeploymentPostprocessing = 0;
			shellPath = /bin/sh;
			shellScript = "\"${PODS_ROOT}/Target Support Files/Pods-ImageSearch_rx-ImageSearch_rxUITests/Pods-ImageSearch_rx-ImageSearch_rxUITests-frameworks.sh\"\n";
			showEnvVarsInLog = 0;
		};
		4A90E9EF5879781FBCDB2C84 /* [CP] Check Pods Manifest.lock */ = {
			isa = PBXShellScriptBuildPhase;
			buildActionMask = 2147483647;
			files = (
			);
			inputFileListPaths = (
			);
			inputPaths = (
				"${PODS_PODFILE_DIR_PATH}/Podfile.lock",
				"${PODS_ROOT}/Manifest.lock",
			);
			name = "[CP] Check Pods Manifest.lock";
			outputFileListPaths = (
			);
			outputPaths = (
				"$(DERIVED_FILE_DIR)/Pods-ImageSearch_rx-checkManifestLockResult.txt",
			);
			runOnlyForDeploymentPostprocessing = 0;
			shellPath = /bin/sh;
			shellScript = "diff \"${PODS_PODFILE_DIR_PATH}/Podfile.lock\" \"${PODS_ROOT}/Manifest.lock\" > /dev/null\nif [ $? != 0 ] ; then\n    # print error to STDERR\n    echo \"error: The sandbox is not in sync with the Podfile.lock. Run 'pod install' or update your CocoaPods installation.\" >&2\n    exit 1\nfi\n# This output is used by Xcode 'outputs' to avoid re-running this script phase.\necho \"SUCCESS\" > \"${SCRIPT_OUTPUT_FILE_0}\"\n";
			showEnvVarsInLog = 0;
		};
		78F49ED5688A4603BB10BD02 /* [CP] Check Pods Manifest.lock */ = {
			isa = PBXShellScriptBuildPhase;
			buildActionMask = 2147483647;
			files = (
			);
			inputFileListPaths = (
			);
			inputPaths = (
				"${PODS_PODFILE_DIR_PATH}/Podfile.lock",
				"${PODS_ROOT}/Manifest.lock",
			);
			name = "[CP] Check Pods Manifest.lock";
			outputFileListPaths = (
			);
			outputPaths = (
				"$(DERIVED_FILE_DIR)/Pods-ImageSearch_rxTests-checkManifestLockResult.txt",
			);
			runOnlyForDeploymentPostprocessing = 0;
			shellPath = /bin/sh;
			shellScript = "diff \"${PODS_PODFILE_DIR_PATH}/Podfile.lock\" \"${PODS_ROOT}/Manifest.lock\" > /dev/null\nif [ $? != 0 ] ; then\n    # print error to STDERR\n    echo \"error: The sandbox is not in sync with the Podfile.lock. Run 'pod install' or update your CocoaPods installation.\" >&2\n    exit 1\nfi\n# This output is used by Xcode 'outputs' to avoid re-running this script phase.\necho \"SUCCESS\" > \"${SCRIPT_OUTPUT_FILE_0}\"\n";
			showEnvVarsInLog = 0;
		};
		CD57339C9A797144EE7E8A1D /* [CP] Check Pods Manifest.lock */ = {
			isa = PBXShellScriptBuildPhase;
			buildActionMask = 2147483647;
			files = (
			);
			inputFileListPaths = (
			);
			inputPaths = (
				"${PODS_PODFILE_DIR_PATH}/Podfile.lock",
				"${PODS_ROOT}/Manifest.lock",
			);
			name = "[CP] Check Pods Manifest.lock";
			outputFileListPaths = (
			);
			outputPaths = (
				"$(DERIVED_FILE_DIR)/Pods-ImageSearch_rx-ImageSearch_rxUITests-checkManifestLockResult.txt",
			);
			runOnlyForDeploymentPostprocessing = 0;
			shellPath = /bin/sh;
			shellScript = "diff \"${PODS_PODFILE_DIR_PATH}/Podfile.lock\" \"${PODS_ROOT}/Manifest.lock\" > /dev/null\nif [ $? != 0 ] ; then\n    # print error to STDERR\n    echo \"error: The sandbox is not in sync with the Podfile.lock. Run 'pod install' or update your CocoaPods installation.\" >&2\n    exit 1\nfi\n# This output is used by Xcode 'outputs' to avoid re-running this script phase.\necho \"SUCCESS\" > \"${SCRIPT_OUTPUT_FILE_0}\"\n";
			showEnvVarsInLog = 0;
		};
		EEE7EBD3E57CD29FB822EC41 /* [CP] Embed Pods Frameworks */ = {
			isa = PBXShellScriptBuildPhase;
			buildActionMask = 2147483647;
			files = (
			);
			inputFileListPaths = (
				"${PODS_ROOT}/Target Support Files/Pods-ImageSearch_rx/Pods-ImageSearch_rx-frameworks-${CONFIGURATION}-input-files.xcfilelist",
			);
			name = "[CP] Embed Pods Frameworks";
			outputFileListPaths = (
				"${PODS_ROOT}/Target Support Files/Pods-ImageSearch_rx/Pods-ImageSearch_rx-frameworks-${CONFIGURATION}-output-files.xcfilelist",
			);
			runOnlyForDeploymentPostprocessing = 0;
			shellPath = /bin/sh;
			shellScript = "\"${PODS_ROOT}/Target Support Files/Pods-ImageSearch_rx/Pods-ImageSearch_rx-frameworks.sh\"\n";
			showEnvVarsInLog = 0;
		};
/* End PBXShellScriptBuildPhase section */

/* Begin PBXSourcesBuildPhase section */
		E0403AE725622E3C00331393 /* Sources */ = {
			isa = PBXSourcesBuildPhase;
			buildActionMask = 2147483647;
			files = (
				E015C183256262BD00743DB1 /* SearchViewModel.swift in Sources */,
				E015C15E256236B500743DB1 /* SearchViewController.swift in Sources */,
				E015C161256236B500743DB1 /* NetworkManager.swift in Sources */,
				E015C15C256236B500743DB1 /* DescriptionTableViewCell.swift in Sources */,
				E015C15B256236B500743DB1 /* ImageTableViewCell.swift in Sources */,
				E0403AEF25622E3C00331393 /* AppDelegate.swift in Sources */,
				E015C15F256236B500743DB1 /* KeywordTableViewCell.swift in Sources */,
				E015C18C2562747400743DB1 /* ResultViewModel.swift in Sources */,
				E015C162256236B500743DB1 /* TouchExtensionButton.swift in Sources */,
				E015C15D256236B500743DB1 /* KeyboardObserveViewController.swift in Sources */,
				E015C15A256236B500743DB1 /* ResultViewController.swift in Sources */,
				E015C1922562762900743DB1 /* RecentKeywordInfo.swift in Sources */,
				E015C19B2562765D00743DB1 /* ResultModel.swift in Sources */,
			);
			runOnlyForDeploymentPostprocessing = 0;
		};
		E0403AFD25622E3F00331393 /* Sources */ = {
			isa = PBXSourcesBuildPhase;
			buildActionMask = 2147483647;
			files = (
				E0403B0625622E3F00331393 /* ImageSearch_rxTests.swift in Sources */,
			);
			runOnlyForDeploymentPostprocessing = 0;
		};
		E0403B0825622E3F00331393 /* Sources */ = {
			isa = PBXSourcesBuildPhase;
			buildActionMask = 2147483647;
			files = (
				E0403B1125622E3F00331393 /* ImageSearch_rxUITests.swift in Sources */,
			);
			runOnlyForDeploymentPostprocessing = 0;
		};
/* End PBXSourcesBuildPhase section */

/* Begin PBXTargetDependency section */
		E0403B0325622E3F00331393 /* PBXTargetDependency */ = {
			isa = PBXTargetDependency;
			target = E0403AEA25622E3C00331393 /* ImageSearch_rx */;
			targetProxy = E0403B0225622E3F00331393 /* PBXContainerItemProxy */;
		};
		E0403B0E25622E3F00331393 /* PBXTargetDependency */ = {
			isa = PBXTargetDependency;
			target = E0403AEA25622E3C00331393 /* ImageSearch_rx */;
			targetProxy = E0403B0D25622E3F00331393 /* PBXContainerItemProxy */;
		};
/* End PBXTargetDependency section */

/* Begin PBXVariantGroup section */
		E0403AF425622E3C00331393 /* Main.storyboard */ = {
			isa = PBXVariantGroup;
			children = (
				E0403AF525622E3C00331393 /* Base */,
			);
			name = Main.storyboard;
			sourceTree = "<group>";
		};
		E0403AF925622E3F00331393 /* LaunchScreen.storyboard */ = {
			isa = PBXVariantGroup;
			children = (
				E0403AFA25622E3F00331393 /* Base */,
			);
			name = LaunchScreen.storyboard;
			sourceTree = "<group>";
		};
/* End PBXVariantGroup section */

/* Begin XCBuildConfiguration section */
		E0403B1325622E3F00331393 /* Debug */ = {
			isa = XCBuildConfiguration;
			buildSettings = {
				ALWAYS_SEARCH_USER_PATHS = NO;
				CLANG_ANALYZER_NONNULL = YES;
				CLANG_ANALYZER_NUMBER_OBJECT_CONVERSION = YES_AGGRESSIVE;
				CLANG_CXX_LANGUAGE_STANDARD = "gnu++14";
				CLANG_CXX_LIBRARY = "libc++";
				CLANG_ENABLE_MODULES = YES;
				CLANG_ENABLE_OBJC_ARC = YES;
				CLANG_ENABLE_OBJC_WEAK = YES;
				CLANG_WARN_BLOCK_CAPTURE_AUTORELEASING = YES;
				CLANG_WARN_BOOL_CONVERSION = YES;
				CLANG_WARN_COMMA = YES;
				CLANG_WARN_CONSTANT_CONVERSION = YES;
				CLANG_WARN_DEPRECATED_OBJC_IMPLEMENTATIONS = YES;
				CLANG_WARN_DIRECT_OBJC_ISA_USAGE = YES_ERROR;
				CLANG_WARN_DOCUMENTATION_COMMENTS = YES;
				CLANG_WARN_EMPTY_BODY = YES;
				CLANG_WARN_ENUM_CONVERSION = YES;
				CLANG_WARN_INFINITE_RECURSION = YES;
				CLANG_WARN_INT_CONVERSION = YES;
				CLANG_WARN_NON_LITERAL_NULL_CONVERSION = YES;
				CLANG_WARN_OBJC_IMPLICIT_RETAIN_SELF = YES;
				CLANG_WARN_OBJC_LITERAL_CONVERSION = YES;
				CLANG_WARN_OBJC_ROOT_CLASS = YES_ERROR;
				CLANG_WARN_QUOTED_INCLUDE_IN_FRAMEWORK_HEADER = YES;
				CLANG_WARN_RANGE_LOOP_ANALYSIS = YES;
				CLANG_WARN_STRICT_PROTOTYPES = YES;
				CLANG_WARN_SUSPICIOUS_MOVE = YES;
				CLANG_WARN_UNGUARDED_AVAILABILITY = YES_AGGRESSIVE;
				CLANG_WARN_UNREACHABLE_CODE = YES;
				CLANG_WARN__DUPLICATE_METHOD_MATCH = YES;
				COPY_PHASE_STRIP = NO;
				DEBUG_INFORMATION_FORMAT = dwarf;
				ENABLE_STRICT_OBJC_MSGSEND = YES;
				ENABLE_TESTABILITY = YES;
				GCC_C_LANGUAGE_STANDARD = gnu11;
				GCC_DYNAMIC_NO_PIC = NO;
				GCC_NO_COMMON_BLOCKS = YES;
				GCC_OPTIMIZATION_LEVEL = 0;
				GCC_PREPROCESSOR_DEFINITIONS = (
					"DEBUG=1",
					"$(inherited)",
				);
				GCC_WARN_64_TO_32_BIT_CONVERSION = YES;
				GCC_WARN_ABOUT_RETURN_TYPE = YES_ERROR;
				GCC_WARN_UNDECLARED_SELECTOR = YES;
				GCC_WARN_UNINITIALIZED_AUTOS = YES_AGGRESSIVE;
				GCC_WARN_UNUSED_FUNCTION = YES;
				GCC_WARN_UNUSED_VARIABLE = YES;
				IPHONEOS_DEPLOYMENT_TARGET = 11.0;
				MTL_ENABLE_DEBUG_INFO = INCLUDE_SOURCE;
				MTL_FAST_MATH = YES;
				ONLY_ACTIVE_ARCH = YES;
				SDKROOT = iphoneos;
				SWIFT_ACTIVE_COMPILATION_CONDITIONS = DEBUG;
				SWIFT_OPTIMIZATION_LEVEL = "-Onone";
			};
			name = Debug;
		};
		E0403B1425622E3F00331393 /* Release */ = {
			isa = XCBuildConfiguration;
			buildSettings = {
				ALWAYS_SEARCH_USER_PATHS = NO;
				CLANG_ANALYZER_NONNULL = YES;
				CLANG_ANALYZER_NUMBER_OBJECT_CONVERSION = YES_AGGRESSIVE;
				CLANG_CXX_LANGUAGE_STANDARD = "gnu++14";
				CLANG_CXX_LIBRARY = "libc++";
				CLANG_ENABLE_MODULES = YES;
				CLANG_ENABLE_OBJC_ARC = YES;
				CLANG_ENABLE_OBJC_WEAK = YES;
				CLANG_WARN_BLOCK_CAPTURE_AUTORELEASING = YES;
				CLANG_WARN_BOOL_CONVERSION = YES;
				CLANG_WARN_COMMA = YES;
				CLANG_WARN_CONSTANT_CONVERSION = YES;
				CLANG_WARN_DEPRECATED_OBJC_IMPLEMENTATIONS = YES;
				CLANG_WARN_DIRECT_OBJC_ISA_USAGE = YES_ERROR;
				CLANG_WARN_DOCUMENTATION_COMMENTS = YES;
				CLANG_WARN_EMPTY_BODY = YES;
				CLANG_WARN_ENUM_CONVERSION = YES;
				CLANG_WARN_INFINITE_RECURSION = YES;
				CLANG_WARN_INT_CONVERSION = YES;
				CLANG_WARN_NON_LITERAL_NULL_CONVERSION = YES;
				CLANG_WARN_OBJC_IMPLICIT_RETAIN_SELF = YES;
				CLANG_WARN_OBJC_LITERAL_CONVERSION = YES;
				CLANG_WARN_OBJC_ROOT_CLASS = YES_ERROR;
				CLANG_WARN_QUOTED_INCLUDE_IN_FRAMEWORK_HEADER = YES;
				CLANG_WARN_RANGE_LOOP_ANALYSIS = YES;
				CLANG_WARN_STRICT_PROTOTYPES = YES;
				CLANG_WARN_SUSPICIOUS_MOVE = YES;
				CLANG_WARN_UNGUARDED_AVAILABILITY = YES_AGGRESSIVE;
				CLANG_WARN_UNREACHABLE_CODE = YES;
				CLANG_WARN__DUPLICATE_METHOD_MATCH = YES;
				COPY_PHASE_STRIP = NO;
				DEBUG_INFORMATION_FORMAT = "dwarf-with-dsym";
				ENABLE_NS_ASSERTIONS = NO;
				ENABLE_STRICT_OBJC_MSGSEND = YES;
				GCC_C_LANGUAGE_STANDARD = gnu11;
				GCC_NO_COMMON_BLOCKS = YES;
				GCC_WARN_64_TO_32_BIT_CONVERSION = YES;
				GCC_WARN_ABOUT_RETURN_TYPE = YES_ERROR;
				GCC_WARN_UNDECLARED_SELECTOR = YES;
				GCC_WARN_UNINITIALIZED_AUTOS = YES_AGGRESSIVE;
				GCC_WARN_UNUSED_FUNCTION = YES;
				GCC_WARN_UNUSED_VARIABLE = YES;
				IPHONEOS_DEPLOYMENT_TARGET = 11.0;
				MTL_ENABLE_DEBUG_INFO = NO;
				MTL_FAST_MATH = YES;
				SDKROOT = iphoneos;
				SWIFT_COMPILATION_MODE = wholemodule;
				SWIFT_OPTIMIZATION_LEVEL = "-O";
				VALIDATE_PRODUCT = YES;
			};
			name = Release;
		};
		E0403B1625622E3F00331393 /* Debug */ = {
			isa = XCBuildConfiguration;
			baseConfigurationReference = CB78D11B97E318AE1A18EA20 /* Pods-ImageSearch_rx.debug.xcconfig */;
			buildSettings = {
				ASSETCATALOG_COMPILER_APPICON_NAME = AppIcon;
				ASSETCATALOG_COMPILER_GLOBAL_ACCENT_COLOR_NAME = AccentColor;
				CODE_SIGN_STYLE = Automatic;
				DEVELOPMENT_TEAM = "";
				INFOPLIST_FILE = ImageSearch_rx/Info.plist;
				LD_RUNPATH_SEARCH_PATHS = (
					"$(inherited)",
					"@executable_path/Frameworks",
				);
				MARKETING_VERSION = 1.0.0;
				PRODUCT_BUNDLE_IDENTIFIER = "com.ChAe.ImageSearch-rx";
				PRODUCT_NAME = "$(TARGET_NAME)";
				SWIFT_VERSION = 5.0;
				TARGETED_DEVICE_FAMILY = "1,2";
			};
			name = Debug;
		};
		E0403B1725622E3F00331393 /* Release */ = {
			isa = XCBuildConfiguration;
			baseConfigurationReference = AD1B364511A652980BFA9492 /* Pods-ImageSearch_rx.release.xcconfig */;
			buildSettings = {
				ASSETCATALOG_COMPILER_APPICON_NAME = AppIcon;
				ASSETCATALOG_COMPILER_GLOBAL_ACCENT_COLOR_NAME = AccentColor;
				CODE_SIGN_STYLE = Automatic;
				DEVELOPMENT_TEAM = "";
				INFOPLIST_FILE = ImageSearch_rx/Info.plist;
				LD_RUNPATH_SEARCH_PATHS = (
					"$(inherited)",
					"@executable_path/Frameworks",
				);
				MARKETING_VERSION = 1.0.0;
				PRODUCT_BUNDLE_IDENTIFIER = "com.ChAe.ImageSearch-rx";
				PRODUCT_NAME = "$(TARGET_NAME)";
				SWIFT_VERSION = 5.0;
				TARGETED_DEVICE_FAMILY = "1,2";
			};
			name = Release;
		};
		E0403B1925622E3F00331393 /* Debug */ = {
			isa = XCBuildConfiguration;
			baseConfigurationReference = 419A7E4E623612826D2305B7 /* Pods-ImageSearch_rxTests.debug.xcconfig */;
			buildSettings = {
				ALWAYS_EMBED_SWIFT_STANDARD_LIBRARIES = YES;
				BUNDLE_LOADER = "$(TEST_HOST)";
				CODE_SIGN_STYLE = Automatic;
				DEVELOPMENT_TEAM = "";
				INFOPLIST_FILE = ImageSearch_rxTests/Info.plist;
				IPHONEOS_DEPLOYMENT_TARGET = 14.2;
				LD_RUNPATH_SEARCH_PATHS = (
					"$(inherited)",
					"@executable_path/Frameworks",
					"@loader_path/Frameworks",
				);
				PRODUCT_BUNDLE_IDENTIFIER = "com.richnco.app.ImageSearch-rxTests";
				PRODUCT_NAME = "$(TARGET_NAME)";
				SWIFT_VERSION = 5.0;
				TARGETED_DEVICE_FAMILY = "1,2";
				TEST_HOST = "$(BUILT_PRODUCTS_DIR)/ImageSearch_rx.app/ImageSearch_rx";
			};
			name = Debug;
		};
		E0403B1A25622E3F00331393 /* Release */ = {
			isa = XCBuildConfiguration;
			baseConfigurationReference = F7E8239BBA9F90B1558F78BA /* Pods-ImageSearch_rxTests.release.xcconfig */;
			buildSettings = {
				ALWAYS_EMBED_SWIFT_STANDARD_LIBRARIES = YES;
				BUNDLE_LOADER = "$(TEST_HOST)";
				CODE_SIGN_STYLE = Automatic;
				DEVELOPMENT_TEAM = "";
				INFOPLIST_FILE = ImageSearch_rxTests/Info.plist;
				IPHONEOS_DEPLOYMENT_TARGET = 14.2;
				LD_RUNPATH_SEARCH_PATHS = (
					"$(inherited)",
					"@executable_path/Frameworks",
					"@loader_path/Frameworks",
				);
				PRODUCT_BUNDLE_IDENTIFIER = "com.richnco.app.ImageSearch-rxTests";
				PRODUCT_NAME = "$(TARGET_NAME)";
				SWIFT_VERSION = 5.0;
				TARGETED_DEVICE_FAMILY = "1,2";
				TEST_HOST = "$(BUILT_PRODUCTS_DIR)/ImageSearch_rx.app/ImageSearch_rx";
			};
			name = Release;
		};
		E0403B1C25622E3F00331393 /* Debug */ = {
			isa = XCBuildConfiguration;
			baseConfigurationReference = D18226DE887A618514FB082F /* Pods-ImageSearch_rx-ImageSearch_rxUITests.debug.xcconfig */;
			buildSettings = {
				ALWAYS_EMBED_SWIFT_STANDARD_LIBRARIES = YES;
				CODE_SIGN_STYLE = Automatic;
				DEVELOPMENT_TEAM = "";
				INFOPLIST_FILE = ImageSearch_rxUITests/Info.plist;
				LD_RUNPATH_SEARCH_PATHS = (
					"$(inherited)",
					"@executable_path/Frameworks",
					"@loader_path/Frameworks",
				);
				PRODUCT_BUNDLE_IDENTIFIER = "com.richnco.app.ImageSearch-rxUITests";
				PRODUCT_NAME = "$(TARGET_NAME)";
				SWIFT_VERSION = 5.0;
				TARGETED_DEVICE_FAMILY = "1,2";
				TEST_TARGET_NAME = ImageSearch_rx;
			};
			name = Debug;
		};
		E0403B1D25622E3F00331393 /* Release */ = {
			isa = XCBuildConfiguration;
			baseConfigurationReference = 71840CFBEE1A952B52891971 /* Pods-ImageSearch_rx-ImageSearch_rxUITests.release.xcconfig */;
			buildSettings = {
				ALWAYS_EMBED_SWIFT_STANDARD_LIBRARIES = YES;
				CODE_SIGN_STYLE = Automatic;
				DEVELOPMENT_TEAM = "";
				INFOPLIST_FILE = ImageSearch_rxUITests/Info.plist;
				LD_RUNPATH_SEARCH_PATHS = (
					"$(inherited)",
					"@executable_path/Frameworks",
					"@loader_path/Frameworks",
				);
				PRODUCT_BUNDLE_IDENTIFIER = "com.richnco.app.ImageSearch-rxUITests";
				PRODUCT_NAME = "$(TARGET_NAME)";
				SWIFT_VERSION = 5.0;
				TARGETED_DEVICE_FAMILY = "1,2";
				TEST_TARGET_NAME = ImageSearch_rx;
			};
			name = Release;
		};
/* End XCBuildConfiguration section */

/* Begin XCConfigurationList section */
		E0403AE625622E3C00331393 /* Build configuration list for PBXProject "ImageSearch_rx" */ = {
			isa = XCConfigurationList;
			buildConfigurations = (
				E0403B1325622E3F00331393 /* Debug */,
				E0403B1425622E3F00331393 /* Release */,
			);
			defaultConfigurationIsVisible = 0;
			defaultConfigurationName = Release;
		};
		E0403B1525622E3F00331393 /* Build configuration list for PBXNativeTarget "ImageSearch_rx" */ = {
			isa = XCConfigurationList;
			buildConfigurations = (
				E0403B1625622E3F00331393 /* Debug */,
				E0403B1725622E3F00331393 /* Release */,
			);
			defaultConfigurationIsVisible = 0;
			defaultConfigurationName = Release;
		};
		E0403B1825622E3F00331393 /* Build configuration list for PBXNativeTarget "ImageSearch_rxTests" */ = {
			isa = XCConfigurationList;
			buildConfigurations = (
				E0403B1925622E3F00331393 /* Debug */,
				E0403B1A25622E3F00331393 /* Release */,
			);
			defaultConfigurationIsVisible = 0;
			defaultConfigurationName = Release;
		};
		E0403B1B25622E3F00331393 /* Build configuration list for PBXNativeTarget "ImageSearch_rxUITests" */ = {
			isa = XCConfigurationList;
			buildConfigurations = (
				E0403B1C25622E3F00331393 /* Debug */,
				E0403B1D25622E3F00331393 /* Release */,
			);
			defaultConfigurationIsVisible = 0;
			defaultConfigurationName = Release;
		};
/* End XCConfigurationList section */
	};
	rootObject = E0403AE325622E3C00331393 /* Project object */;
}
